
Microsoft Visual Studio Solution File, Format Version 12.00
# Visual Studio Version 17
VisualStudioVersion = 17.13.35913.81
MinimumVisualStudioVersion = 10.0.40219.1
Project("{2150E333-8FDC-42A3-9474-1A3956D46DE8}") = "Core", "Core", "{02EA681E-C7D8-13C7-8484-4AC65E1B71E8}"
EndProject
Project("{2150E333-8FDC-42A3-9474-1A3956D46DE8}") = "Frontend", "Frontend", "{898485E6-7930-46BB-BB48-67ED40765995}"
EndProject
Project("{2150E333-8FDC-42A3-9474-1A3956D46DE8}") = "Infrastructure", "Infrastructure", "{31501856-7A62-4285-85A9-0F28C04779DE}"
EndProject
Project("{2150E333-8FDC-42A3-9474-1A3956D46DE8}") = "Presentation", "Presentation", "{B9643A5E-D8D9-4FB1-809D-E6584A768007}"
EndProject
Project("{2150E333-8FDC-42A3-9474-1A3956D46DE8}") = "Requirements", "Requirements", "{C781435A-4618-4364-8B59-38DCA08C79AB}"
EndProject
Project("{FAE04EC0-301F-11D3-BF4B-00C04F79EFBC}") = "MovieApi.Domain", "Core\MovieApi.Domain\MovieApi.Domain.csproj", "{ED1802BA-876B-4790-97DE-8DB7D99B3D53}"
EndProject
Project("{FAE04EC0-301F-11D3-BF4B-00C04F79EFBC}") = "MovieApi.Persistance", "Infrastructure\MovieApi.Persistance\MovieApi.Persistance.csproj", "{EA530170-1366-4EF5-A735-D6E2C3A0A168}"
EndProject
Project("{FAE04EC0-301F-11D3-BF4B-00C04F79EFBC}") = "MovieApi.WebApi", "Presentation\MovieApi.WebApi\MovieApi.WebApi.csproj", "{19C92B6D-1904-4097-8937-D77A017463BD}"
EndProject
Project("{FAE04EC0-301F-11D3-BF4B-00C04F79EFBC}") = "MovieApi.Application", "Core\MovieApi.Application\MovieApi.Application.csproj", "{A19AF7D1-FDEF-4CD0-A55B-2CCDD9D2E23E}"
EndProject
Project("{FAE04EC0-301F-11D3-BF4B-00C04F79EFBC}") = "MovieApi.WebUI", "Frontends\MovieApi.WebUI\MovieApi.WebUI.csproj", "{2659B86C-467B-4BE4-977D-AF039CB126E4}"
EndProject
Project("{FAE04EC0-301F-11D3-BF4B-00C04F79EFBC}") = "MovieApi.Dto", "Frontends\MovieApi.Dto\MovieApi.Dto.csproj", "{CBE8E689-34F5-43F1-8325-D983A8E2BCDB}"
EndProject
Global
	GlobalSection(SolutionConfigurationPlatforms) = preSolution
		Debug|Any CPU = Debug|Any CPU
		Release|Any CPU = Release|Any CPU
	EndGlobalSection
	GlobalSection(ProjectConfigurationPlatforms) = postSolution
		{ED1802BA-876B-4790-97DE-8DB7D99B3D53}.Debug|Any CPU.ActiveCfg = Debug|Any CPU
		{ED1802BA-876B-4790-97DE-8DB7D99B3D53}.Debug|Any CPU.Build.0 = Debug|Any CPU
		{ED1802BA-876B-4790-97DE-8DB7D99B3D53}.Release|Any CPU.ActiveCfg = Release|Any CPU
		{ED1802BA-876B-4790-97DE-8DB7D99B3D53}.Release|Any CPU.Build.0 = Release|Any CPU
		{EA530170-1366-4EF5-A735-D6E2C3A0A168}.Debug|Any CPU.ActiveCfg = Debug|Any CPU
		{EA530170-1366-4EF5-A735-D6E2C3A0A168}.Debug|Any CPU.Build.0 = Debug|Any CPU
		{EA530170-1366-4EF5-A735-D6E2C3A0A168}.Release|Any CPU.ActiveCfg = Release|Any CPU
		{EA530170-1366-4EF5-A735-D6E2C3A0A168}.Release|Any CPU.Build.0 = Release|Any CPU
		{19C92B6D-1904-4097-8937-D77A017463BD}.Debug|Any CPU.ActiveCfg = Debug|Any CPU
		{19C92B6D-1904-4097-8937-D77A017463BD}.Debug|Any CPU.Build.0 = Debug|Any CPU
		{19C92B6D-1904-4097-8937-D77A017463BD}.Release|Any CPU.ActiveCfg = Release|Any CPU
		{19C92B6D-1904-4097-8937-D77A017463BD}.Release|Any CPU.Build.0 = Release|Any CPU
		{A19AF7D1-FDEF-4CD0-A55B-2CCDD9D2E23E}.Debug|Any CPU.ActiveCfg = Debug|Any CPU
		{A19AF7D1-FDEF-4CD0-A55B-2CCDD9D2E23E}.Debug|Any CPU.Build.0 = Debug|Any CPU
		{A19AF7D1-FDEF-4CD0-A55B-2CCDD9D2E23E}.Release|Any CPU.ActiveCfg = Release|Any CPU
		{A19AF7D1-FDEF-4CD0-A55B-2CCDD9D2E23E}.Release|Any CPU.Build.0 = Release|Any CPU
		{2659B86C-467B-4BE4-977D-AF039CB126E4}.Debug|Any CPU.ActiveCfg = Debug|Any CPU
		{2659B86C-467B-4BE4-977D-AF039CB126E4}.Debug|Any CPU.Build.0 = Debug|Any CPU
		{2659B86C-467B-4BE4-977D-AF039CB126E4}.Release|Any CPU.ActiveCfg = Release|Any CPU
		{2659B86C-467B-4BE4-977D-AF039CB126E4}.Release|Any CPU.Build.0 = Release|Any CPU
		{CBE8E689-34F5-43F1-8325-D983A8E2BCDB}.Debug|Any CPU.ActiveCfg = Debug|Any CPU
		{CBE8E689-34F5-43F1-8325-D983A8E2BCDB}.Debug|Any CPU.Build.0 = Debug|Any CPU
		{CBE8E689-34F5-43F1-8325-D983A8E2BCDB}.Release|Any CPU.ActiveCfg = Release|Any CPU
		{CBE8E689-34F5-43F1-8325-D983A8E2BCDB}.Release|Any CPU.Build.0 = Release|Any CPU
	EndGlobalSection
	GlobalSection(SolutionProperties) = preSolution
		HideSolutionNode = FALSE
	EndGlobalSection
	GlobalSection(NestedProjects) = preSolution
		{ED1802BA-876B-4790-97DE-8DB7D99B3D53} = {02EA681E-C7D8-13C7-8484-4AC65E1B71E8}
		{EA530170-1366-4EF5-A735-D6E2C3A0A168} = {31501856-7A62-4285-85A9-0F28C04779DE}
		{19C92B6D-1904-4097-8937-D77A017463BD} = {B9643A5E-D8D9-4FB1-809D-E6584A768007}
		{A19AF7D1-FDEF-4CD0-A55B-2CCDD9D2E23E} = {02EA681E-C7D8-13C7-8484-4AC65E1B71E8}
		{2659B86C-467B-4BE4-977D-AF039CB126E4} = {898485E6-7930-46BB-BB48-67ED40765995}
		{CBE8E689-34F5-43F1-8325-D983A8E2BCDB} = {898485E6-7930-46BB-BB48-67ED40765995}
	EndGlobalSection
	GlobalSection(ExtensibilityGlobals) = postSolution
		SolutionGuid = {55AC035F-43AC-44C1-9F89-D0EC6C236D9E}
	EndGlobalSection
EndGlobal
